{
  "requires": true,
  "lockfileVersion": 1,
  "dependencies": {
    "@inrupt/vocab-common-rdf": {
      "version": "1.0.3",
      "resolved": "https://registry.npmjs.org/@inrupt/vocab-common-rdf/-/vocab-common-rdf-1.0.3.tgz",
      "integrity": "sha512-AXaAwXpETLuzBKCQ6JW0VNnsi5TrdMygmykdG6yaCbdfKNzeHMgZ1Ku89zmVYI+efS1yrmle9bNsvIgEl/TCag=="
    }
  }
}
